
Microsoft Visual Studio Solution File, Format Version 12.00
# Visual Studio Version 17
VisualStudioVersion = 17.14.36414.22
MinimumVisualStudioVersion = 10.0.40219.1
Project("{FAE04EC0-301F-11D3-BF4B-00C04F79EFBC}") = "Pcf.DirectoryOfPreferences", "Pcf.DirectoryOfPreferences.csproj", "{5A8E0E5F-F0C5-CAF4-7F8D-5D502296ABD6}"
EndProject
Project("{2150E333-8FDC-42A3-9474-1A3956D46DE8}") = "Application", "Application", "{02EA681E-C7D8-13C7-8484-4AC65E1B71E8}"
EndProject
Project("{FAE04EC0-301F-11D3-BF4B-00C04F79EFBC}") = "DirectoryOfPreferences.Application.Abstractions", "..\DirectoryOfPreferences.Application.Abstractions\DirectoryOfPreferences.Application.Abstractions.csproj", "{988FF7A6-F4C5-424F-8A1F-5C77D8973A06}"
EndProject
Global
	GlobalSection(SolutionConfigurationPlatforms) = preSolution
		Debug|Any CPU = Debug|Any CPU
		Release|Any CPU = Release|Any CPU
	EndGlobalSection
	GlobalSection(ProjectConfigurationPlatforms) = postSolution
		{5A8E0E5F-F0C5-CAF4-7F8D-5D502296ABD6}.Debug|Any CPU.ActiveCfg = Debug|Any CPU
		{5A8E0E5F-F0C5-CAF4-7F8D-5D502296ABD6}.Debug|Any CPU.Build.0 = Debug|Any CPU
		{5A8E0E5F-F0C5-CAF4-7F8D-5D502296ABD6}.Release|Any CPU.ActiveCfg = Release|Any CPU
		{5A8E0E5F-F0C5-CAF4-7F8D-5D502296ABD6}.Release|Any CPU.Build.0 = Release|Any CPU
		{988FF7A6-F4C5-424F-8A1F-5C77D8973A06}.Debug|Any CPU.ActiveCfg = Debug|Any CPU
		{988FF7A6-F4C5-424F-8A1F-5C77D8973A06}.Debug|Any CPU.Build.0 = Debug|Any CPU
		{988FF7A6-F4C5-424F-8A1F-5C77D8973A06}.Release|Any CPU.ActiveCfg = Release|Any CPU
		{988FF7A6-F4C5-424F-8A1F-5C77D8973A06}.Release|Any CPU.Build.0 = Release|Any CPU
	EndGlobalSection
	GlobalSection(SolutionProperties) = preSolution
		HideSolutionNode = FALSE
	EndGlobalSection
	GlobalSection(NestedProjects) = preSolution
		{988FF7A6-F4C5-424F-8A1F-5C77D8973A06} = {02EA681E-C7D8-13C7-8484-4AC65E1B71E8}
	EndGlobalSection
	GlobalSection(ExtensibilityGlobals) = postSolution
		SolutionGuid = {505FC297-D6E2-405F-8DA1-D57FA9EBC13E}
	EndGlobalSection
EndGlobal
